
Microsoft Visual Studio Solution File, Format Version 12.00
# Visual Studio Version 17
VisualStudioVersion = 17.9.34723.18
MinimumVisualStudioVersion = 10.0.40219.1
Project("{FAE04EC0-301F-11D3-BF4B-00C04F79EFBC}") = "Backend", "Backend\Backend.csproj", "{0E0BC06A-05E3-420F-B3B3-E87F81E61AD0}"
EndProject
Project("{FAE04EC0-301F-11D3-BF4B-00C04F79EFBC}") = "Backend.Tests", "Backend.Tests\Backend.Tests.csproj", "{800AFEF6-DD29-411C-B79B-FC1D2FDA4E18}"
EndProject
Global
	GlobalSection(SolutionConfigurationPlatforms) = preSolution
		Debug|Any CPU = Debug|Any CPU
		Release|Any CPU = Release|Any CPU
	EndGlobalSection
	GlobalSection(ProjectConfigurationPlatforms) = postSolution
		{0E0BC06A-05E3-420F-B3B3-E87F81E61AD0}.Debug|Any CPU.ActiveCfg = Debug|Any CPU
		{0E0BC06A-05E3-420F-B3B3-E87F81E61AD0}.Debug|Any CPU.Build.0 = Debug|Any CPU
		{0E0BC06A-05E3-420F-B3B3-E87F81E61AD0}.Release|Any CPU.ActiveCfg = Release|Any CPU
		{0E0BC06A-05E3-420F-B3B3-E87F81E61AD0}.Release|Any CPU.Build.0 = Release|Any CPU
		{800AFEF6-DD29-411C-B79B-FC1D2FDA4E18}.Debug|Any CPU.ActiveCfg = Debug|Any CPU
		{800AFEF6-DD29-411C-B79B-FC1D2FDA4E18}.Debug|Any CPU.Build.0 = Debug|Any CPU
		{800AFEF6-DD29-411C-B79B-FC1D2FDA4E18}.Release|Any CPU.ActiveCfg = Release|Any CPU
		{800AFEF6-DD29-411C-B79B-FC1D2FDA4E18}.Release|Any CPU.Build.0 = Release|Any CPU
	EndGlobalSection
	GlobalSection(SolutionProperties) = preSolution
		HideSolutionNode = FALSE
	EndGlobalSection
	GlobalSection(ExtensibilityGlobals) = postSolution
		SolutionGuid = {91A32410-C2C5-42CC-B552-611FB0E0759A}
	EndGlobalSection
EndGlobal
